
Microsoft Visual Studio Solution File, Format Version 12.00
# Visual Studio Version 17
VisualStudioVersion = 17.14.36401.2
MinimumVisualStudioVersion = 10.0.40219.1
Project("{2150E333-8FDC-42A3-9474-1A3956D46DE8}") = "src", "src", "{02EA681E-C7D8-13C7-8484-4AC65E1B71E8}"
EndProject
Project("{FAE04EC0-301F-11D3-BF4B-00C04F79EFBC}") = "Presentation", "src\Presentation\Presentation.csproj", "{40CDD3A2-6BE7-4C9A-86DA-2AC5D8C503D7}"
EndProject
Project("{FAE04EC0-301F-11D3-BF4B-00C04F79EFBC}") = "Domain", "src\Domain\Domain.csproj", "{706C8887-F8F7-49AF-BC1D-23712E3C20E5}"
EndProject
Project("{FAE04EC0-301F-11D3-BF4B-00C04F79EFBC}") = "Application", "src\Application\Application.csproj", "{7D975DA8-E404-4768-9942-F4C63BCE0CD7}"
EndProject
Project("{FAE04EC0-301F-11D3-BF4B-00C04F79EFBC}") = "Infrastructure", "src\Infrastructure\Infrastructure.csproj", "{A01BC54F-E925-4461-8841-F0D9F9B3C3BD}"
EndProject
Project("{2150E333-8FDC-42A3-9474-1A3956D46DE8}") = "Tests", "Tests", "{80981046-277F-4209-AF4E-0C31E8125839}"
EndProject
Project("{FAE04EC0-301F-11D3-BF4B-00C04F79EFBC}") = "Tests.console", "Tests\Tests.console\Tests.console.csproj", "{15439B4D-671C-41BC-870C-5A6F2A4B8F24}"
EndProject
Global
	GlobalSection(SolutionConfigurationPlatforms) = preSolution
		Debug|Any CPU = Debug|Any CPU
		Release|Any CPU = Release|Any CPU
	EndGlobalSection
	GlobalSection(ProjectConfigurationPlatforms) = postSolution
		{40CDD3A2-6BE7-4C9A-86DA-2AC5D8C503D7}.Debug|Any CPU.ActiveCfg = Debug|Any CPU
		{40CDD3A2-6BE7-4C9A-86DA-2AC5D8C503D7}.Debug|Any CPU.Build.0 = Debug|Any CPU
		{40CDD3A2-6BE7-4C9A-86DA-2AC5D8C503D7}.Release|Any CPU.ActiveCfg = Release|Any CPU
		{40CDD3A2-6BE7-4C9A-86DA-2AC5D8C503D7}.Release|Any CPU.Build.0 = Release|Any CPU
		{706C8887-F8F7-49AF-BC1D-23712E3C20E5}.Debug|Any CPU.ActiveCfg = Debug|Any CPU
		{706C8887-F8F7-49AF-BC1D-23712E3C20E5}.Debug|Any CPU.Build.0 = Debug|Any CPU
		{706C8887-F8F7-49AF-BC1D-23712E3C20E5}.Release|Any CPU.ActiveCfg = Release|Any CPU
		{706C8887-F8F7-49AF-BC1D-23712E3C20E5}.Release|Any CPU.Build.0 = Release|Any CPU
		{7D975DA8-E404-4768-9942-F4C63BCE0CD7}.Debug|Any CPU.ActiveCfg = Debug|Any CPU
		{7D975DA8-E404-4768-9942-F4C63BCE0CD7}.Debug|Any CPU.Build.0 = Debug|Any CPU
		{7D975DA8-E404-4768-9942-F4C63BCE0CD7}.Release|Any CPU.ActiveCfg = Release|Any CPU
		{7D975DA8-E404-4768-9942-F4C63BCE0CD7}.Release|Any CPU.Build.0 = Release|Any CPU
		{A01BC54F-E925-4461-8841-F0D9F9B3C3BD}.Debug|Any CPU.ActiveCfg = Debug|Any CPU
		{A01BC54F-E925-4461-8841-F0D9F9B3C3BD}.Debug|Any CPU.Build.0 = Debug|Any CPU
		{A01BC54F-E925-4461-8841-F0D9F9B3C3BD}.Release|Any CPU.ActiveCfg = Release|Any CPU
		{A01BC54F-E925-4461-8841-F0D9F9B3C3BD}.Release|Any CPU.Build.0 = Release|Any CPU
		{15439B4D-671C-41BC-870C-5A6F2A4B8F24}.Debug|Any CPU.ActiveCfg = Debug|Any CPU
		{15439B4D-671C-41BC-870C-5A6F2A4B8F24}.Debug|Any CPU.Build.0 = Debug|Any CPU
		{15439B4D-671C-41BC-870C-5A6F2A4B8F24}.Release|Any CPU.ActiveCfg = Release|Any CPU
		{15439B4D-671C-41BC-870C-5A6F2A4B8F24}.Release|Any CPU.Build.0 = Release|Any CPU
	EndGlobalSection
	GlobalSection(SolutionProperties) = preSolution
		HideSolutionNode = FALSE
	EndGlobalSection
	GlobalSection(NestedProjects) = preSolution
		{40CDD3A2-6BE7-4C9A-86DA-2AC5D8C503D7} = {02EA681E-C7D8-13C7-8484-4AC65E1B71E8}
		{706C8887-F8F7-49AF-BC1D-23712E3C20E5} = {02EA681E-C7D8-13C7-8484-4AC65E1B71E8}
		{7D975DA8-E404-4768-9942-F4C63BCE0CD7} = {02EA681E-C7D8-13C7-8484-4AC65E1B71E8}
		{A01BC54F-E925-4461-8841-F0D9F9B3C3BD} = {02EA681E-C7D8-13C7-8484-4AC65E1B71E8}
		{15439B4D-671C-41BC-870C-5A6F2A4B8F24} = {80981046-277F-4209-AF4E-0C31E8125839}
	EndGlobalSection
	GlobalSection(ExtensibilityGlobals) = postSolution
		SolutionGuid = {5B9B02E5-E4DC-4A69-B773-9AE7C44379FD}
	EndGlobalSection
EndGlobal
